
Microsoft Visual Studio Solution File, Format Version 12.00
# Visual Studio 2012
Project("{FAE04EC0-301F-11D3-BF4B-00C04F79EFBC}") = "NavigationDemo", "NavigationDemo\NavigationDemo.csproj", "{D48BC402-736F-416C-86E2-5BF55C0BBDE8}"
EndProject
Project("{FAE04EC0-301F-11D3-BF4B-00C04F79EFBC}") = "NavigationDemo.iOS", "iOS\NavigationDemo.iOS.csproj", "{9A678692-357B-4099-BD96-0E02F462986D}"
EndProject
Project("{FAE04EC0-301F-11D3-BF4B-00C04F79EFBC}") = "NavigationDemo.Droid", "Droid\NavigationDemo.Droid.csproj", "{EB8C0E50-573D-4D06-8165-F9184AF77365}"
EndProject
Global
	GlobalSection(SolutionConfigurationPlatforms) = preSolution
		Debug|Any CPU = Debug|Any CPU
		Release|Any CPU = Release|Any CPU
		Debug|iPhoneSimulator = Debug|iPhoneSimulator
		Release|iPhone = Release|iPhone
		Release|iPhoneSimulator = Release|iPhoneSimulator
		Debug|iPhone = Debug|iPhone
	EndGlobalSection
	GlobalSection(ProjectConfigurationPlatforms) = postSolution
		{D48BC402-736F-416C-86E2-5BF55C0BBDE8}.Debug|Any CPU.ActiveCfg = Debug|Any CPU
		{D48BC402-736F-416C-86E2-5BF55C0BBDE8}.Debug|Any CPU.Build.0 = Debug|Any CPU
		{D48BC402-736F-416C-86E2-5BF55C0BBDE8}.Release|Any CPU.ActiveCfg = Release|Any CPU
		{D48BC402-736F-416C-86E2-5BF55C0BBDE8}.Release|Any CPU.Build.0 = Release|Any CPU
		{D48BC402-736F-416C-86E2-5BF55C0BBDE8}.Debug|iPhoneSimulator.ActiveCfg = Debug|Any CPU
		{D48BC402-736F-416C-86E2-5BF55C0BBDE8}.Debug|iPhoneSimulator.Build.0 = Debug|Any CPU
		{D48BC402-736F-416C-86E2-5BF55C0BBDE8}.Release|iPhone.ActiveCfg = Release|Any CPU
		{D48BC402-736F-416C-86E2-5BF55C0BBDE8}.Release|iPhone.Build.0 = Release|Any CPU
		{D48BC402-736F-416C-86E2-5BF55C0BBDE8}.Release|iPhoneSimulator.ActiveCfg = Release|Any CPU
		{D48BC402-736F-416C-86E2-5BF55C0BBDE8}.Release|iPhoneSimulator.Build.0 = Release|Any CPU
		{D48BC402-736F-416C-86E2-5BF55C0BBDE8}.Debug|iPhone.ActiveCfg = Debug|Any CPU
		{D48BC402-736F-416C-86E2-5BF55C0BBDE8}.Debug|iPhone.Build.0 = Debug|Any CPU
		{9A678692-357B-4099-BD96-0E02F462986D}.Debug|Any CPU.ActiveCfg = Debug|iPhoneSimulator
		{9A678692-357B-4099-BD96-0E02F462986D}.Debug|Any CPU.Build.0 = Debug|iPhoneSimulator
		{9A678692-357B-4099-BD96-0E02F462986D}.Release|Any CPU.ActiveCfg = Release|iPhone
		{9A678692-357B-4099-BD96-0E02F462986D}.Release|Any CPU.Build.0 = Release|iPhone
		{9A678692-357B-4099-BD96-0E02F462986D}.Debug|iPhoneSimulator.ActiveCfg = Debug|iPhoneSimulator
		{9A678692-357B-4099-BD96-0E02F462986D}.Debug|iPhoneSimulator.Build.0 = Debug|iPhoneSimulator
		{9A678692-357B-4099-BD96-0E02F462986D}.Release|iPhone.ActiveCfg = Release|iPhone
		{9A678692-357B-4099-BD96-0E02F462986D}.Release|iPhone.Build.0 = Release|iPhone
		{9A678692-357B-4099-BD96-0E02F462986D}.Release|iPhoneSimulator.ActiveCfg = Release|iPhoneSimulator
		{9A678692-357B-4099-BD96-0E02F462986D}.Release|iPhoneSimulator.Build.0 = Release|iPhoneSimulator
		{9A678692-357B-4099-BD96-0E02F462986D}.Debug|iPhone.ActiveCfg = Debug|iPhone
		{9A678692-357B-4099-BD96-0E02F462986D}.Debug|iPhone.Build.0 = Debug|iPhone
		{EB8C0E50-573D-4D06-8165-F9184AF77365}.Debug|Any CPU.ActiveCfg = Debug|Any CPU
		{EB8C0E50-573D-4D06-8165-F9184AF77365}.Debug|Any CPU.Build.0 = Debug|Any CPU
		{EB8C0E50-573D-4D06-8165-F9184AF77365}.Release|Any CPU.ActiveCfg = Release|Any CPU
		{EB8C0E50-573D-4D06-8165-F9184AF77365}.Release|Any CPU.Build.0 = Release|Any CPU
		{EB8C0E50-573D-4D06-8165-F9184AF77365}.Debug|iPhoneSimulator.ActiveCfg = Debug|Any CPU
		{EB8C0E50-573D-4D06-8165-F9184AF77365}.Debug|iPhoneSimulator.Build.0 = Debug|Any CPU
		{EB8C0E50-573D-4D06-8165-F9184AF77365}.Release|iPhone.ActiveCfg = Release|Any CPU
		{EB8C0E50-573D-4D06-8165-F9184AF77365}.Release|iPhone.Build.0 = Release|Any CPU
		{EB8C0E50-573D-4D06-8165-F9184AF77365}.Release|iPhoneSimulator.ActiveCfg = Release|Any CPU
		{EB8C0E50-573D-4D06-8165-F9184AF77365}.Release|iPhoneSimulator.Build.0 = Release|Any CPU
		{EB8C0E50-573D-4D06-8165-F9184AF77365}.Debug|iPhone.ActiveCfg = Debug|Any CPU
		{EB8C0E50-573D-4D06-8165-F9184AF77365}.Debug|iPhone.Build.0 = Debug|Any CPU
	EndGlobalSection
EndGlobal
